
Microsoft Visual Studio Solution File, Format Version 12.00
# Visual Studio Version 17
VisualStudioVersion = 17.7.34031.279
MinimumVisualStudioVersion = 10.0.40219.1
Project("{8BC9CEB8-8B4A-11D0-8D11-00A0C91BC942}") = "func", "func\func.vcxproj", "{8C6191AF-B280-42DE-9F38-345B9E0D4B1A}"
EndProject
Project("{8BC9CEB8-8B4A-11D0-8D11-00A0C91BC942}") = "2", "2\2.vcxproj", "{7C164962-C53B-467F-9AF3-E89EB4A6A855}"
EndProject
Project("{8BC9CEB8-8B4A-11D0-8D11-00A0C91BC942}") = "3", "3\3.vcxproj", "{47DE1A44-C4A5-447B-8C37-82ADE49C2C82}"
EndProject
Project("{8BC9CEB8-8B4A-11D0-8D11-00A0C91BC942}") = "4", "4\4.vcxproj", "{5CDA8641-57AA-4EC8-9C81-A48AFF0AD7D3}"
EndProject
Project("{8BC9CEB8-8B4A-11D0-8D11-00A0C91BC942}") = "5", "ConsoleApplication1\ConsoleApplication1.vcxproj", "{EA1B7160-4CEF-4EA5-AC30-2D758E8C78A5}"
EndProject
Project("{8BC9CEB8-8B4A-11D0-8D11-00A0C91BC942}") = "6", "6\6.vcxproj", "{2CDDE5C0-9505-4D0C-885F-6E328060885D}"
EndProject
Project("{8BC9CEB8-8B4A-11D0-8D11-00A0C91BC942}") = "7", "7\7.vcxproj", "{C68EC41E-1E5E-449C-866B-C1B42979E2CB}"
EndProject
Project("{8BC9CEB8-8B4A-11D0-8D11-00A0C91BC942}") = "8", "8\8.vcxproj", "{4512A4D5-08B7-42F4-A4BE-A8BC273B571A}"
EndProject
Project("{8BC9CEB8-8B4A-11D0-8D11-00A0C91BC942}") = "9", "9\9.vcxproj", "{D9A7A01D-7DE2-4C82-B902-2F6D738E7CB8}"
EndProject
Project("{8BC9CEB8-8B4A-11D0-8D11-00A0C91BC942}") = "10", "10\10.vcxproj", "{6BF530DB-5627-4221-85C1-9ECE9918E186}"
EndProject
Project("{8BC9CEB8-8B4A-11D0-8D11-00A0C91BC942}") = "12", "12\12.vcxproj", "{B250E090-5EC4-445F-9DE9-AF622D11F66C}"
EndProject
Project("{8BC9CEB8-8B4A-11D0-8D11-00A0C91BC942}") = "11l", "11l\11l.vcxproj", "{B52CB68B-ECE3-4C16-9A41-313F8679CAE5}"
EndProject
Global
	GlobalSection(SolutionConfigurationPlatforms) = preSolution
		Debug|x64 = Debug|x64
		Debug|x86 = Debug|x86
		Release|x64 = Release|x64
		Release|x86 = Release|x86
	EndGlobalSection
	GlobalSection(ProjectConfigurationPlatforms) = postSolution
		{8C6191AF-B280-42DE-9F38-345B9E0D4B1A}.Debug|x64.ActiveCfg = Debug|x64
		{8C6191AF-B280-42DE-9F38-345B9E0D4B1A}.Debug|x64.Build.0 = Debug|x64
		{8C6191AF-B280-42DE-9F38-345B9E0D4B1A}.Debug|x86.ActiveCfg = Debug|Win32
		{8C6191AF-B280-42DE-9F38-345B9E0D4B1A}.Debug|x86.Build.0 = Debug|Win32
		{8C6191AF-B280-42DE-9F38-345B9E0D4B1A}.Release|x64.ActiveCfg = Release|x64
		{8C6191AF-B280-42DE-9F38-345B9E0D4B1A}.Release|x64.Build.0 = Release|x64
		{8C6191AF-B280-42DE-9F38-345B9E0D4B1A}.Release|x86.ActiveCfg = Release|Win32
		{8C6191AF-B280-42DE-9F38-345B9E0D4B1A}.Release|x86.Build.0 = Release|Win32
		{7C164962-C53B-467F-9AF3-E89EB4A6A855}.Debug|x64.ActiveCfg = Debug|x64
		{7C164962-C53B-467F-9AF3-E89EB4A6A855}.Debug|x64.Build.0 = Debug|x64
		{7C164962-C53B-467F-9AF3-E89EB4A6A855}.Debug|x86.ActiveCfg = Debug|Win32
		{7C164962-C53B-467F-9AF3-E89EB4A6A855}.Debug|x86.Build.0 = Debug|Win32
		{7C164962-C53B-467F-9AF3-E89EB4A6A855}.Release|x64.ActiveCfg = Release|x64
		{7C164962-C53B-467F-9AF3-E89EB4A6A855}.Release|x64.Build.0 = Release|x64
		{7C164962-C53B-467F-9AF3-E89EB4A6A855}.Release|x86.ActiveCfg = Release|Win32
		{7C164962-C53B-467F-9AF3-E89EB4A6A855}.Release|x86.Build.0 = Release|Win32
		{47DE1A44-C4A5-447B-8C37-82ADE49C2C82}.Debug|x64.ActiveCfg = Debug|x64
		{47DE1A44-C4A5-447B-8C37-82ADE49C2C82}.Debug|x64.Build.0 = Debug|x64
		{47DE1A44-C4A5-447B-8C37-82ADE49C2C82}.Debug|x86.ActiveCfg = Debug|Win32
		{47DE1A44-C4A5-447B-8C37-82ADE49C2C82}.Debug|x86.Build.0 = Debug|Win32
		{47DE1A44-C4A5-447B-8C37-82ADE49C2C82}.Release|x64.ActiveCfg = Release|x64
		{47DE1A44-C4A5-447B-8C37-82ADE49C2C82}.Release|x64.Build.0 = Release|x64
		{47DE1A44-C4A5-447B-8C37-82ADE49C2C82}.Release|x86.ActiveCfg = Release|Win32
		{47DE1A44-C4A5-447B-8C37-82ADE49C2C82}.Release|x86.Build.0 = Release|Win32
		{5CDA8641-57AA-4EC8-9C81-A48AFF0AD7D3}.Debug|x64.ActiveCfg = Debug|x64
		{5CDA8641-57AA-4EC8-9C81-A48AFF0AD7D3}.Debug|x64.Build.0 = Debug|x64
		{5CDA8641-57AA-4EC8-9C81-A48AFF0AD7D3}.Debug|x86.ActiveCfg = Debug|Win32
		{5CDA8641-57AA-4EC8-9C81-A48AFF0AD7D3}.Debug|x86.Build.0 = Debug|Win32
		{5CDA8641-57AA-4EC8-9C81-A48AFF0AD7D3}.Release|x64.ActiveCfg = Release|x64
		{5CDA8641-57AA-4EC8-9C81-A48AFF0AD7D3}.Release|x64.Build.0 = Release|x64
		{5CDA8641-57AA-4EC8-9C81-A48AFF0AD7D3}.Release|x86.ActiveCfg = Release|Win32
		{5CDA8641-57AA-4EC8-9C81-A48AFF0AD7D3}.Release|x86.Build.0 = Release|Win32
		{EA1B7160-4CEF-4EA5-AC30-2D758E8C78A5}.Debug|x64.ActiveCfg = Debug|x64
		{EA1B7160-4CEF-4EA5-AC30-2D758E8C78A5}.Debug|x64.Build.0 = Debug|x64
		{EA1B7160-4CEF-4EA5-AC30-2D758E8C78A5}.Debug|x86.ActiveCfg = Debug|Win32
		{EA1B7160-4CEF-4EA5-AC30-2D758E8C78A5}.Debug|x86.Build.0 = Debug|Win32
		{EA1B7160-4CEF-4EA5-AC30-2D758E8C78A5}.Release|x64.ActiveCfg = Release|x64
		{EA1B7160-4CEF-4EA5-AC30-2D758E8C78A5}.Release|x64.Build.0 = Release|x64
		{EA1B7160-4CEF-4EA5-AC30-2D758E8C78A5}.Release|x86.ActiveCfg = Release|Win32
		{EA1B7160-4CEF-4EA5-AC30-2D758E8C78A5}.Release|x86.Build.0 = Release|Win32
		{2CDDE5C0-9505-4D0C-885F-6E328060885D}.Debug|x64.ActiveCfg = Debug|x64
		{2CDDE5C0-9505-4D0C-885F-6E328060885D}.Debug|x64.Build.0 = Debug|x64
		{2CDDE5C0-9505-4D0C-885F-6E328060885D}.Debug|x86.ActiveCfg = Debug|Win32
		{2CDDE5C0-9505-4D0C-885F-6E328060885D}.Debug|x86.Build.0 = Debug|Win32
		{2CDDE5C0-9505-4D0C-885F-6E328060885D}.Release|x64.ActiveCfg = Release|x64
		{2CDDE5C0-9505-4D0C-885F-6E328060885D}.Release|x64.Build.0 = Release|x64
		{2CDDE5C0-9505-4D0C-885F-6E328060885D}.Release|x86.ActiveCfg = Release|Win32
		{2CDDE5C0-9505-4D0C-885F-6E328060885D}.Release|x86.Build.0 = Release|Win32
		{C68EC41E-1E5E-449C-866B-C1B42979E2CB}.Debug|x64.ActiveCfg = Debug|x64
		{C68EC41E-1E5E-449C-866B-C1B42979E2CB}.Debug|x64.Build.0 = Debug|x64
		{C68EC41E-1E5E-449C-866B-C1B42979E2CB}.Debug|x86.ActiveCfg = Debug|Win32
		{C68EC41E-1E5E-449C-866B-C1B42979E2CB}.Debug|x86.Build.0 = Debug|Win32
		{C68EC41E-1E5E-449C-866B-C1B42979E2CB}.Release|x64.ActiveCfg = Release|x64
		{C68EC41E-1E5E-449C-866B-C1B42979E2CB}.Release|x64.Build.0 = Release|x64
		{C68EC41E-1E5E-449C-866B-C1B42979E2CB}.Release|x86.ActiveCfg = Release|Win32
		{C68EC41E-1E5E-449C-866B-C1B42979E2CB}.Release|x86.Build.0 = Release|Win32
		{4512A4D5-08B7-42F4-A4BE-A8BC273B571A}.Debug|x64.ActiveCfg = Debug|x64
		{4512A4D5-08B7-42F4-A4BE-A8BC273B571A}.Debug|x64.Build.0 = Debug|x64
		{4512A4D5-08B7-42F4-A4BE-A8BC273B571A}.Debug|x86.ActiveCfg = Debug|Win32
		{4512A4D5-08B7-42F4-A4BE-A8BC273B571A}.Debug|x86.Build.0 = Debug|Win32
		{4512A4D5-08B7-42F4-A4BE-A8BC273B571A}.Release|x64.ActiveCfg = Release|x64
		{4512A4D5-08B7-42F4-A4BE-A8BC273B571A}.Release|x64.Build.0 = Release|x64
		{4512A4D5-08B7-42F4-A4BE-A8BC273B571A}.Release|x86.ActiveCfg = Release|Win32
		{4512A4D5-08B7-42F4-A4BE-A8BC273B571A}.Release|x86.Build.0 = Release|Win32
		{D9A7A01D-7DE2-4C82-B902-2F6D738E7CB8}.Debug|x64.ActiveCfg = Debug|x64
		{D9A7A01D-7DE2-4C82-B902-2F6D738E7CB8}.Debug|x64.Build.0 = Debug|x64
		{D9A7A01D-7DE2-4C82-B902-2F6D738E7CB8}.Debug|x86.ActiveCfg = Debug|Win32
		{D9A7A01D-7DE2-4C82-B902-2F6D738E7CB8}.Debug|x86.Build.0 = Debug|Win32
		{D9A7A01D-7DE2-4C82-B902-2F6D738E7CB8}.Release|x64.ActiveCfg = Release|x64
		{D9A7A01D-7DE2-4C82-B902-2F6D738E7CB8}.Release|x64.Build.0 = Release|x64
		{D9A7A01D-7DE2-4C82-B902-2F6D738E7CB8}.Release|x86.ActiveCfg = Release|Win32
		{D9A7A01D-7DE2-4C82-B902-2F6D738E7CB8}.Release|x86.Build.0 = Release|Win32
		{6BF530DB-5627-4221-85C1-9ECE9918E186}.Debug|x64.ActiveCfg = Debug|x64
		{6BF530DB-5627-4221-85C1-9ECE9918E186}.Debug|x64.Build.0 = Debug|x64
		{6BF530DB-5627-4221-85C1-9ECE9918E186}.Debug|x86.ActiveCfg = Debug|Win32
		{6BF530DB-5627-4221-85C1-9ECE9918E186}.Debug|x86.Build.0 = Debug|Win32
		{6BF530DB-5627-4221-85C1-9ECE9918E186}.Release|x64.ActiveCfg = Release|x64
		{6BF530DB-5627-4221-85C1-9ECE9918E186}.Release|x64.Build.0 = Release|x64
		{6BF530DB-5627-4221-85C1-9ECE9918E186}.Release|x86.ActiveCfg = Release|Win32
		{6BF530DB-5627-4221-85C1-9ECE9918E186}.Release|x86.Build.0 = Release|Win32
		{B250E090-5EC4-445F-9DE9-AF622D11F66C}.Debug|x64.ActiveCfg = Debug|x64
		{B250E090-5EC4-445F-9DE9-AF622D11F66C}.Debug|x64.Build.0 = Debug|x64
		{B250E090-5EC4-445F-9DE9-AF622D11F66C}.Debug|x86.ActiveCfg = Debug|Win32
		{B250E090-5EC4-445F-9DE9-AF622D11F66C}.Debug|x86.Build.0 = Debug|Win32
		{B250E090-5EC4-445F-9DE9-AF622D11F66C}.Release|x64.ActiveCfg = Release|x64
		{B250E090-5EC4-445F-9DE9-AF622D11F66C}.Release|x64.Build.0 = Release|x64
		{B250E090-5EC4-445F-9DE9-AF622D11F66C}.Release|x86.ActiveCfg = Release|Win32
		{B250E090-5EC4-445F-9DE9-AF622D11F66C}.Release|x86.Build.0 = Release|Win32
		{B52CB68B-ECE3-4C16-9A41-313F8679CAE5}.Debug|x64.ActiveCfg = Debug|x64
		{B52CB68B-ECE3-4C16-9A41-313F8679CAE5}.Debug|x64.Build.0 = Debug|x64
		{B52CB68B-ECE3-4C16-9A41-313F8679CAE5}.Debug|x86.ActiveCfg = Debug|Win32
		{B52CB68B-ECE3-4C16-9A41-313F8679CAE5}.Debug|x86.Build.0 = Debug|Win32
		{B52CB68B-ECE3-4C16-9A41-313F8679CAE5}.Release|x64.ActiveCfg = Release|x64
		{B52CB68B-ECE3-4C16-9A41-313F8679CAE5}.Release|x64.Build.0 = Release|x64
		{B52CB68B-ECE3-4C16-9A41-313F8679CAE5}.Release|x86.ActiveCfg = Release|Win32
		{B52CB68B-ECE3-4C16-9A41-313F8679CAE5}.Release|x86.Build.0 = Release|Win32
	EndGlobalSection
	GlobalSection(SolutionProperties) = preSolution
		HideSolutionNode = FALSE
	EndGlobalSection
	GlobalSection(ExtensibilityGlobals) = postSolution
		SolutionGuid = {FACE7B75-5862-4824-89FE-418F815B876A}
	EndGlobalSection
EndGlobal
